<?xml version="1.0" encoding="utf-8"?>
<Project ToolsVersion="4.0" xmlns="http://schemas.microsoft.com/developer/msbuild/2003">
  <ItemGroup>
    <Filter Include="src">
      <UniqueIdentifier>{a20aed54-ceaf-4f2e-9ea1-c72056926097}</UniqueIdentifier>
    </Filter>
    <Filter Include="inc">
      <UniqueIdentifier>{ab8d7b50-bd7d-4a45-9e18-2914ad738815}</UniqueIdentifier>
    </Filter>
  </ItemGroup>
  <ItemGroup>
    <ClCompile Include="..\src\nal.cpp">
      <Filter>src</Filter>
    </ClCompile>
    <ClCompile Include="..\src\slice.cpp">
      <Filter>src</Filter>
    </ClCompile>
    <ClCompile Include="..\src\test.cpp">
      <Filter>src</Filter>
    </ClCompile>
    <ClCompile Include="..\src\tools.cpp">
      <Filter>src</Filter>
    </ClCompile>
  </ItemGroup>
  <ItemGroup>
    <ClInclude Include="..\inc\nal.h">
      <Filter>inc</Filter>
    </ClInclude>
    <ClInclude Include="..\inc\slice.h">
      <Filter>inc</Filter>
    </ClInclude>
    <ClInclude Include="..\inc\tools.h">
      <Filter>inc</Filter>
    </ClInclude>
  </ItemGroup>
</Project>